
Microsoft Visual Studio Solution File, Format Version 12.00
# Visual Studio Version 16
VisualStudioVersion = 16.0.32802.440
MinimumVisualStudioVersion = 10.0.40219.1
Project("{FAE04EC0-301F-11D3-BF4B-00C04F79EFBC}") = "16. While loop", "16. While loop\16. While loop.csproj", "{CE19DC52-D46D-4D44-B6E1-03AE8D32F983}"
EndProject
Global
	GlobalSection(SolutionConfigurationPlatforms) = preSolution
		Debug|Any CPU = Debug|Any CPU
		Release|Any CPU = Release|Any CPU
	EndGlobalSection
	GlobalSection(ProjectConfigurationPlatforms) = postSolution
		{CE19DC52-D46D-4D44-B6E1-03AE8D32F983}.Debug|Any CPU.ActiveCfg = Debug|Any CPU
		{CE19DC52-D46D-4D44-B6E1-03AE8D32F983}.Debug|Any CPU.Build.0 = Debug|Any CPU
		{CE19DC52-D46D-4D44-B6E1-03AE8D32F983}.Release|Any CPU.ActiveCfg = Release|Any CPU
		{CE19DC52-D46D-4D44-B6E1-03AE8D32F983}.Release|Any CPU.Build.0 = Release|Any CPU
	EndGlobalSection
	GlobalSection(SolutionProperties) = preSolution
		HideSolutionNode = FALSE
	EndGlobalSection
	GlobalSection(ExtensibilityGlobals) = postSolution
		SolutionGuid = {B4E01DE1-8A24-4FDE-9274-44731ED3CFF1}
	EndGlobalSection
EndGlobal
